{
  "name": "acacha-ng-hello-test",
  "version": "1.0.0",
  "lockfileVersion": 1,
  "requires": true,
  "dependencies": {
    "acacha-ng-hello": {
      "version": "1.0.2",
      "resolved": "https://registry.npmjs.org/acacha-ng-hello/-/acacha-ng-hello-1.0.2.tgz",
      "integrity": "sha512-lx6vxfEDbaPaVCQLr9N6g8hD1s4JpCyknjje2OQTiNjWSqDYSL98j4WlVnO7JXiZq24KpTNw+viCHeMg/q4QDw==",
      "requires": {
        "underscore.string": "3.3.4"
      }
    },
    "sprintf-js": {
      "version": "1.1.1",
      "resolved": "https://registry.npmjs.org/sprintf-js/-/sprintf-js-1.1.1.tgz",
      "integrity": "sha1-Nr54Mgr+WAH2zqPueLblqrlA6gw="
    },
    "underscore.string": {
      "version": "3.3.4",
      "resolved": "https://registry.npmjs.org/underscore.string/-/underscore.string-3.3.4.tgz",
      "integrity": "sha1-LCo/n4PmR2L9xF5s6sZRQoZCE9s=",
      "requires": {
        "sprintf-js": "1.1.1",
        "util-deprecate": "1.0.2"
      }
    },
    "util-deprecate": {
      "version": "1.0.2",
      "resolved": "https://registry.npmjs.org/util-deprecate/-/util-deprecate-1.0.2.tgz",
      "integrity": "sha1-RQ1Nyfpw3nMnYvvS1KKJgUGaDM8="
    }
  }
}
